
Microsoft Visual Studio Solution File, Format Version 12.00
# Visual Studio 15
VisualStudioVersion = 15.0.27703.2042
MinimumVisualStudioVersion = 10.0.40219.1
Project("{FAE04EC0-301F-11D3-BF4B-00C04F79EFBC}") = "GroupHeaderTemplateDemo.Android", "GroupHeaderTemplateDemo\GroupHeaderTemplateDemo.Android\GroupHeaderTemplateDemo.Android.csproj", "{294EE298-C503-4B39-8A03-2D0C47B6BFB5}"
EndProject
Project("{FAE04EC0-301F-11D3-BF4B-00C04F79EFBC}") = "GroupHeaderTemplateDemo.iOS", "GroupHeaderTemplateDemo\GroupHeaderTemplateDemo.iOS\GroupHeaderTemplateDemo.iOS.csproj", "{240C1F25-C64C-4FD4-AE0B-9A295BD6A77C}"
EndProject
Project("{FAE04EC0-301F-11D3-BF4B-00C04F79EFBC}") = "GroupHeaderTemplateDemo", "GroupHeaderTemplateDemo\GroupHeaderTemplateDemo\GroupHeaderTemplateDemo.csproj", "{F0B9B0CF-9A84-47BA-97A9-9E7D38481B66}"
EndProject
Global
	GlobalSection(SolutionConfigurationPlatforms) = preSolution
		Ad-Hoc|Any CPU = Ad-Hoc|Any CPU
		Ad-Hoc|iPhone = Ad-Hoc|iPhone
		Ad-Hoc|iPhoneSimulator = Ad-Hoc|iPhoneSimulator
		AppStore|Any CPU = AppStore|Any CPU
		AppStore|iPhone = AppStore|iPhone
		AppStore|iPhoneSimulator = AppStore|iPhoneSimulator
		Debug|Any CPU = Debug|Any CPU
		Debug|iPhone = Debug|iPhone
		Debug|iPhoneSimulator = Debug|iPhoneSimulator
		Release|Any CPU = Release|Any CPU
		Release|iPhone = Release|iPhone
		Release|iPhoneSimulator = Release|iPhoneSimulator
	EndGlobalSection
	GlobalSection(ProjectConfigurationPlatforms) = postSolution
		{294EE298-C503-4B39-8A03-2D0C47B6BFB5}.Ad-Hoc|Any CPU.ActiveCfg = Release|Any CPU
		{294EE298-C503-4B39-8A03-2D0C47B6BFB5}.Ad-Hoc|Any CPU.Build.0 = Release|Any CPU
		{294EE298-C503-4B39-8A03-2D0C47B6BFB5}.Ad-Hoc|Any CPU.Deploy.0 = Release|Any CPU
		{294EE298-C503-4B39-8A03-2D0C47B6BFB5}.Ad-Hoc|iPhone.ActiveCfg = Release|Any CPU
		{294EE298-C503-4B39-8A03-2D0C47B6BFB5}.Ad-Hoc|iPhone.Build.0 = Release|Any CPU
		{294EE298-C503-4B39-8A03-2D0C47B6BFB5}.Ad-Hoc|iPhone.Deploy.0 = Release|Any CPU
		{294EE298-C503-4B39-8A03-2D0C47B6BFB5}.Ad-Hoc|iPhoneSimulator.ActiveCfg = Release|Any CPU
		{294EE298-C503-4B39-8A03-2D0C47B6BFB5}.Ad-Hoc|iPhoneSimulator.Build.0 = Release|Any CPU
		{294EE298-C503-4B39-8A03-2D0C47B6BFB5}.Ad-Hoc|iPhoneSimulator.Deploy.0 = Release|Any CPU
		{294EE298-C503-4B39-8A03-2D0C47B6BFB5}.AppStore|Any CPU.ActiveCfg = Release|Any CPU
		{294EE298-C503-4B39-8A03-2D0C47B6BFB5}.AppStore|Any CPU.Build.0 = Release|Any CPU
		{294EE298-C503-4B39-8A03-2D0C47B6BFB5}.AppStore|Any CPU.Deploy.0 = Release|Any CPU
		{294EE298-C503-4B39-8A03-2D0C47B6BFB5}.AppStore|iPhone.ActiveCfg = Release|Any CPU
		{294EE298-C503-4B39-8A03-2D0C47B6BFB5}.AppStore|iPhone.Build.0 = Release|Any CPU
		{294EE298-C503-4B39-8A03-2D0C47B6BFB5}.AppStore|iPhone.Deploy.0 = Release|Any CPU
		{294EE298-C503-4B39-8A03-2D0C47B6BFB5}.AppStore|iPhoneSimulator.ActiveCfg = Release|Any CPU
		{294EE298-C503-4B39-8A03-2D0C47B6BFB5}.AppStore|iPhoneSimulator.Build.0 = Release|Any CPU
		{294EE298-C503-4B39-8A03-2D0C47B6BFB5}.AppStore|iPhoneSimulator.Deploy.0 = Release|Any CPU
		{294EE298-C503-4B39-8A03-2D0C47B6BFB5}.Debug|Any CPU.ActiveCfg = Debug|Any CPU
		{294EE298-C503-4B39-8A03-2D0C47B6BFB5}.Debug|Any CPU.Build.0 = Debug|Any CPU
		{294EE298-C503-4B39-8A03-2D0C47B6BFB5}.Debug|Any CPU.Deploy.0 = Debug|Any CPU
		{294EE298-C503-4B39-8A03-2D0C47B6BFB5}.Debug|iPhone.ActiveCfg = Debug|Any CPU
		{294EE298-C503-4B39-8A03-2D0C47B6BFB5}.Debug|iPhone.Build.0 = Debug|Any CPU
		{294EE298-C503-4B39-8A03-2D0C47B6BFB5}.Debug|iPhone.Deploy.0 = Debug|Any CPU
		{294EE298-C503-4B39-8A03-2D0C47B6BFB5}.Debug|iPhoneSimulator.ActiveCfg = Debug|Any CPU
		{294EE298-C503-4B39-8A03-2D0C47B6BFB5}.Debug|iPhoneSimulator.Build.0 = Debug|Any CPU
		{294EE298-C503-4B39-8A03-2D0C47B6BFB5}.Debug|iPhoneSimulator.Deploy.0 = Debug|Any CPU
		{294EE298-C503-4B39-8A03-2D0C47B6BFB5}.Release|Any CPU.ActiveCfg = Release|Any CPU
		{294EE298-C503-4B39-8A03-2D0C47B6BFB5}.Release|Any CPU.Build.0 = Release|Any CPU
		{294EE298-C503-4B39-8A03-2D0C47B6BFB5}.Release|Any CPU.Deploy.0 = Release|Any CPU
		{294EE298-C503-4B39-8A03-2D0C47B6BFB5}.Release|iPhone.ActiveCfg = Release|Any CPU
		{294EE298-C503-4B39-8A03-2D0C47B6BFB5}.Release|iPhone.Build.0 = Release|Any CPU
		{294EE298-C503-4B39-8A03-2D0C47B6BFB5}.Release|iPhone.Deploy.0 = Release|Any CPU
		{294EE298-C503-4B39-8A03-2D0C47B6BFB5}.Release|iPhoneSimulator.ActiveCfg = Release|Any CPU
		{294EE298-C503-4B39-8A03-2D0C47B6BFB5}.Release|iPhoneSimulator.Build.0 = Release|Any CPU
		{294EE298-C503-4B39-8A03-2D0C47B6BFB5}.Release|iPhoneSimulator.Deploy.0 = Release|Any CPU
		{240C1F25-C64C-4FD4-AE0B-9A295BD6A77C}.Ad-Hoc|Any CPU.ActiveCfg = Ad-Hoc|iPhone
		{240C1F25-C64C-4FD4-AE0B-9A295BD6A77C}.Ad-Hoc|Any CPU.Build.0 = Ad-Hoc|iPhone
		{240C1F25-C64C-4FD4-AE0B-9A295BD6A77C}.Ad-Hoc|Any CPU.Deploy.0 = Ad-Hoc|iPhone
		{240C1F25-C64C-4FD4-AE0B-9A295BD6A77C}.Ad-Hoc|iPhone.ActiveCfg = Ad-Hoc|iPhone
		{240C1F25-C64C-4FD4-AE0B-9A295BD6A77C}.Ad-Hoc|iPhone.Build.0 = Ad-Hoc|iPhone
		{240C1F25-C64C-4FD4-AE0B-9A295BD6A77C}.Ad-Hoc|iPhone.Deploy.0 = Ad-Hoc|iPhone
		{240C1F25-C64C-4FD4-AE0B-9A295BD6A77C}.Ad-Hoc|iPhoneSimulator.ActiveCfg = Ad-Hoc|iPhoneSimulator
		{240C1F25-C64C-4FD4-AE0B-9A295BD6A77C}.Ad-Hoc|iPhoneSimulator.Build.0 = Ad-Hoc|iPhoneSimulator
		{240C1F25-C64C-4FD4-AE0B-9A295BD6A77C}.Ad-Hoc|iPhoneSimulator.Deploy.0 = Ad-Hoc|iPhoneSimulator
		{240C1F25-C64C-4FD4-AE0B-9A295BD6A77C}.AppStore|Any CPU.ActiveCfg = AppStore|iPhone
		{240C1F25-C64C-4FD4-AE0B-9A295BD6A77C}.AppStore|Any CPU.Build.0 = AppStore|iPhone
		{240C1F25-C64C-4FD4-AE0B-9A295BD6A77C}.AppStore|Any CPU.Deploy.0 = AppStore|iPhone
		{240C1F25-C64C-4FD4-AE0B-9A295BD6A77C}.AppStore|iPhone.ActiveCfg = AppStore|iPhone
		{240C1F25-C64C-4FD4-AE0B-9A295BD6A77C}.AppStore|iPhone.Build.0 = AppStore|iPhone
		{240C1F25-C64C-4FD4-AE0B-9A295BD6A77C}.AppStore|iPhone.Deploy.0 = AppStore|iPhone
		{240C1F25-C64C-4FD4-AE0B-9A295BD6A77C}.AppStore|iPhoneSimulator.ActiveCfg = AppStore|iPhoneSimulator
		{240C1F25-C64C-4FD4-AE0B-9A295BD6A77C}.AppStore|iPhoneSimulator.Build.0 = AppStore|iPhoneSimulator
		{240C1F25-C64C-4FD4-AE0B-9A295BD6A77C}.AppStore|iPhoneSimulator.Deploy.0 = AppStore|iPhoneSimulator
		{240C1F25-C64C-4FD4-AE0B-9A295BD6A77C}.Debug|Any CPU.ActiveCfg = Debug|iPhoneSimulator
		{240C1F25-C64C-4FD4-AE0B-9A295BD6A77C}.Debug|Any CPU.Build.0 = Debug|iPhoneSimulator
		{240C1F25-C64C-4FD4-AE0B-9A295BD6A77C}.Debug|Any CPU.Deploy.0 = Debug|iPhoneSimulator
		{240C1F25-C64C-4FD4-AE0B-9A295BD6A77C}.Debug|iPhone.ActiveCfg = Debug|iPhone
		{240C1F25-C64C-4FD4-AE0B-9A295BD6A77C}.Debug|iPhone.Build.0 = Debug|iPhone
		{240C1F25-C64C-4FD4-AE0B-9A295BD6A77C}.Debug|iPhone.Deploy.0 = Debug|iPhone
		{240C1F25-C64C-4FD4-AE0B-9A295BD6A77C}.Debug|iPhoneSimulator.ActiveCfg = Debug|iPhoneSimulator
		{240C1F25-C64C-4FD4-AE0B-9A295BD6A77C}.Debug|iPhoneSimulator.Build.0 = Debug|iPhoneSimulator
		{240C1F25-C64C-4FD4-AE0B-9A295BD6A77C}.Debug|iPhoneSimulator.Deploy.0 = Debug|iPhoneSimulator
		{240C1F25-C64C-4FD4-AE0B-9A295BD6A77C}.Release|Any CPU.ActiveCfg = Release|iPhone
		{240C1F25-C64C-4FD4-AE0B-9A295BD6A77C}.Release|Any CPU.Build.0 = Release|iPhone
		{240C1F25-C64C-4FD4-AE0B-9A295BD6A77C}.Release|Any CPU.Deploy.0 = Release|iPhone
		{240C1F25-C64C-4FD4-AE0B-9A295BD6A77C}.Release|iPhone.ActiveCfg = Release|iPhone
		{240C1F25-C64C-4FD4-AE0B-9A295BD6A77C}.Release|iPhone.Build.0 = Release|iPhone
		{240C1F25-C64C-4FD4-AE0B-9A295BD6A77C}.Release|iPhone.Deploy.0 = Release|iPhone
		{240C1F25-C64C-4FD4-AE0B-9A295BD6A77C}.Release|iPhoneSimulator.ActiveCfg = Release|iPhoneSimulator
		{240C1F25-C64C-4FD4-AE0B-9A295BD6A77C}.Release|iPhoneSimulator.Build.0 = Release|iPhoneSimulator
		{240C1F25-C64C-4FD4-AE0B-9A295BD6A77C}.Release|iPhoneSimulator.Deploy.0 = Release|iPhoneSimulator
		{F0B9B0CF-9A84-47BA-97A9-9E7D38481B66}.Ad-Hoc|Any CPU.ActiveCfg = Debug|Any CPU
		{F0B9B0CF-9A84-47BA-97A9-9E7D38481B66}.Ad-Hoc|Any CPU.Build.0 = Debug|Any CPU
		{F0B9B0CF-9A84-47BA-97A9-9E7D38481B66}.Ad-Hoc|Any CPU.Deploy.0 = Debug|Any CPU
		{F0B9B0CF-9A84-47BA-97A9-9E7D38481B66}.Ad-Hoc|iPhone.ActiveCfg = Debug|Any CPU
		{F0B9B0CF-9A84-47BA-97A9-9E7D38481B66}.Ad-Hoc|iPhone.Build.0 = Debug|Any CPU
		{F0B9B0CF-9A84-47BA-97A9-9E7D38481B66}.Ad-Hoc|iPhone.Deploy.0 = Debug|Any CPU
		{F0B9B0CF-9A84-47BA-97A9-9E7D38481B66}.Ad-Hoc|iPhoneSimulator.ActiveCfg = Debug|Any CPU
		{F0B9B0CF-9A84-47BA-97A9-9E7D38481B66}.Ad-Hoc|iPhoneSimulator.Build.0 = Debug|Any CPU
		{F0B9B0CF-9A84-47BA-97A9-9E7D38481B66}.Ad-Hoc|iPhoneSimulator.Deploy.0 = Debug|Any CPU
		{F0B9B0CF-9A84-47BA-97A9-9E7D38481B66}.AppStore|Any CPU.ActiveCfg = Debug|Any CPU
		{F0B9B0CF-9A84-47BA-97A9-9E7D38481B66}.AppStore|Any CPU.Build.0 = Debug|Any CPU
		{F0B9B0CF-9A84-47BA-97A9-9E7D38481B66}.AppStore|Any CPU.Deploy.0 = Debug|Any CPU
		{F0B9B0CF-9A84-47BA-97A9-9E7D38481B66}.AppStore|iPhone.ActiveCfg = Debug|Any CPU
		{F0B9B0CF-9A84-47BA-97A9-9E7D38481B66}.AppStore|iPhone.Build.0 = Debug|Any CPU
		{F0B9B0CF-9A84-47BA-97A9-9E7D38481B66}.AppStore|iPhone.Deploy.0 = Debug|Any CPU
		{F0B9B0CF-9A84-47BA-97A9-9E7D38481B66}.AppStore|iPhoneSimulator.ActiveCfg = Debug|Any CPU
		{F0B9B0CF-9A84-47BA-97A9-9E7D38481B66}.AppStore|iPhoneSimulator.Build.0 = Debug|Any CPU
		{F0B9B0CF-9A84-47BA-97A9-9E7D38481B66}.AppStore|iPhoneSimulator.Deploy.0 = Debug|Any CPU
		{F0B9B0CF-9A84-47BA-97A9-9E7D38481B66}.Debug|Any CPU.ActiveCfg = Debug|Any CPU
		{F0B9B0CF-9A84-47BA-97A9-9E7D38481B66}.Debug|Any CPU.Build.0 = Debug|Any CPU
		{F0B9B0CF-9A84-47BA-97A9-9E7D38481B66}.Debug|Any CPU.Deploy.0 = Debug|Any CPU
		{F0B9B0CF-9A84-47BA-97A9-9E7D38481B66}.Debug|iPhone.ActiveCfg = Debug|Any CPU
		{F0B9B0CF-9A84-47BA-97A9-9E7D38481B66}.Debug|iPhone.Build.0 = Debug|Any CPU
		{F0B9B0CF-9A84-47BA-97A9-9E7D38481B66}.Debug|iPhone.Deploy.0 = Debug|Any CPU
		{F0B9B0CF-9A84-47BA-97A9-9E7D38481B66}.Debug|iPhoneSimulator.ActiveCfg = Debug|Any CPU
		{F0B9B0CF-9A84-47BA-97A9-9E7D38481B66}.Debug|iPhoneSimulator.Build.0 = Debug|Any CPU
		{F0B9B0CF-9A84-47BA-97A9-9E7D38481B66}.Debug|iPhoneSimulator.Deploy.0 = Debug|Any CPU
		{F0B9B0CF-9A84-47BA-97A9-9E7D38481B66}.Release|Any CPU.ActiveCfg = Release|Any CPU
		{F0B9B0CF-9A84-47BA-97A9-9E7D38481B66}.Release|Any CPU.Build.0 = Release|Any CPU
		{F0B9B0CF-9A84-47BA-97A9-9E7D38481B66}.Release|Any CPU.Deploy.0 = Release|Any CPU
		{F0B9B0CF-9A84-47BA-97A9-9E7D38481B66}.Release|iPhone.ActiveCfg = Release|Any CPU
		{F0B9B0CF-9A84-47BA-97A9-9E7D38481B66}.Release|iPhone.Build.0 = Release|Any CPU
		{F0B9B0CF-9A84-47BA-97A9-9E7D38481B66}.Release|iPhone.Deploy.0 = Release|Any CPU
		{F0B9B0CF-9A84-47BA-97A9-9E7D38481B66}.Release|iPhoneSimulator.ActiveCfg = Release|Any CPU
		{F0B9B0CF-9A84-47BA-97A9-9E7D38481B66}.Release|iPhoneSimulator.Build.0 = Release|Any CPU
		{F0B9B0CF-9A84-47BA-97A9-9E7D38481B66}.Release|iPhoneSimulator.Deploy.0 = Release|Any CPU
	EndGlobalSection
	GlobalSection(SolutionProperties) = preSolution
		HideSolutionNode = FALSE
	EndGlobalSection
	GlobalSection(ExtensibilityGlobals) = postSolution
		SolutionGuid = {9368EA96-8DDE-42E4-B92A-8AC9B2B48678}
	EndGlobalSection
EndGlobal
